// !$*UTF8*$!
{
	archiveVersion = 1;
	classes = {
	};
	objectVersion = 46;
	objects = {

/* Begin PBXBuildFile section */
		04A4645A1C9C603C00CA70DC /* main.m in Sources */ = {isa = PBXBuildFile; fileRef = 04A464591C9C603C00CA70DC /* main.m */; };
		04A4645D1C9C603C00CA70DC /* AppDelegate.m in Sources */ = {isa = PBXBuildFile; fileRef = 04A4645C1C9C603C00CA70DC /* AppDelegate.m */; };
		04A464601C9C603C00CA70DC /* ViewController.m in Sources */ = {isa = PBXBuildFile; fileRef = 04A4645F1C9C603C00CA70DC /* ViewController.m */; };
		04A464631C9C603C00CA70DC /* Main.storyboard in Resources */ = {isa = PBXBuildFile; fileRef = 04A464611C9C603C00CA70DC /* Main.storyboard */; };
		04A464651C9C603C00CA70DC /* Assets.xcassets in Resources */ = {isa = PBXBuildFile; fileRef = 04A464641C9C603C00CA70DC /* Assets.xcassets */; };
		04A464681C9C603C00CA70DC /* LaunchScreen.storyboard in Resources */ = {isa = PBXBuildFile; fileRef = 04A464661C9C603C00CA70DC /* LaunchScreen.storyboard */; };
		04A464731C9C603C00CA70DC /* UILabel_______Tests.m in Sources */ = {isa = PBXBuildFile; fileRef = 04A464721C9C603C00CA70DC /* UILabel_______Tests.m */; };
		04A4647E1C9C603C00CA70DC /* UILabel_______UITests.m in Sources */ = {isa = PBXBuildFile; fileRef = 04A4647D1C9C603C00CA70DC /* UILabel_______UITests.m */; };
		04A4648D1C9C607900CA70DC /* MyLabel.m in Sources */ = {isa = PBXBuildFile; fileRef = 04A4648C1C9C607900CA70DC /* MyLabel.m */; };
/* End PBXBuildFile section */

/* Begin PBXContainerItemProxy section */
		04A4646F1C9C603C00CA70DC /* PBXContainerItemProxy */ = {
			isa = PBXContainerItemProxy;
			containerPortal = 04A4644D1C9C603B00CA70DC /* Project object */;
			proxyType = 1;
			remoteGlobalIDString = 04A464541C9C603C00CA70DC;
			remoteInfo = "UILabel展示不同颜色字";
		};
		04A4647A1C9C603C00CA70DC /* PBXContainerItemProxy */ = {
			isa = PBXContainerItemProxy;
			containerPortal = 04A4644D1C9C603B00CA70DC /* Project object */;
			proxyType = 1;
			remoteGlobalIDString = 04A464541C9C603C00CA70DC;
			remoteInfo = "UILabel展示不同颜色字";
		};
/* End PBXContainerItemProxy section */

/* Begin PBXFileReference section */
		04A464551C9C603C00CA70DC /* UILabel展示不同颜色字.app */ = {isa = PBXFileReference; explicitFileType = wrapper.application; includeInIndex = 0; path = "UILabel展示不同颜色字.app"; sourceTree = BUILT_PRODUCTS_DIR; };
		04A464591C9C603C00CA70DC /* main.m */ = {isa = PBXFileReference; lastKnownFileType = sourcecode.c.objc; path = main.m; sourceTree = "<group>"; };
		04A4645B1C9C603C00CA70DC /* AppDelegate.h */ = {isa = PBXFileReference; lastKnownFileType = sourcecode.c.h; path = AppDelegate.h; sourceTree = "<group>"; };
		04A4645C1C9C603C00CA70DC /* AppDelegate.m */ = {isa = PBXFileReference; lastKnownFileType = sourcecode.c.objc; path = AppDelegate.m; sourceTree = "<group>"; };
		04A4645E1C9C603C00CA70DC /* ViewController.h */ = {isa = PBXFileReference; lastKnownFileType = sourcecode.c.h; path = ViewController.h; sourceTree = "<group>"; };
		04A4645F1C9C603C00CA70DC /* ViewController.m */ = {isa = PBXFileReference; lastKnownFileType = sourcecode.c.objc; path = ViewController.m; sourceTree = "<group>"; };
		04A464621C9C603C00CA70DC /* Base */ = {isa = PBXFileReference; lastKnownFileType = file.storyboard; name = Base; path = Base.lproj/Main.storyboard; sourceTree = "<group>"; };
		04A464641C9C603C00CA70DC /* Assets.xcassets */ = {isa = PBXFileReference; lastKnownFileType = folder.assetcatalog; path = Assets.xcassets; sourceTree = "<group>"; };
		04A464671C9C603C00CA70DC /* Base */ = {isa = PBXFileReference; lastKnownFileType = file.storyboard; name = Base; path = Base.lproj/LaunchScreen.storyboard; sourceTree = "<group>"; };
		04A464691C9C603C00CA70DC /* Info.plist */ = {isa = PBXFileReference; lastKnownFileType = text.plist.xml; path = Info.plist; sourceTree = "<group>"; };
		04A4646E1C9C603C00CA70DC /* UILabel展示不同颜色字Tests.xctest */ = {isa = PBXFileReference; explicitFileType = wrapper.cfbundle; includeInIndex = 0; path = "UILabel展示不同颜色字Tests.xctest"; sourceTree = BUILT_PRODUCTS_DIR; };
		04A464721C9C603C00CA70DC /* UILabel_______Tests.m */ = {isa = PBXFileReference; lastKnownFileType = sourcecode.c.objc; path = "UILabel_______Tests.m"; sourceTree = "<group>"; };
		04A464741C9C603C00CA70DC /* Info.plist */ = {isa = PBXFileReference; lastKnownFileType = text.plist.xml; path = Info.plist; sourceTree = "<group>"; };
		04A464791C9C603C00CA70DC /* UILabel展示不同颜色字UITests.xctest */ = {isa = PBXFileReference; explicitFileType = wrapper.cfbundle; includeInIndex = 0; path = "UILabel展示不同颜色字UITests.xctest"; sourceTree = BUILT_PRODUCTS_DIR; };
		04A4647D1C9C603C00CA70DC /* UILabel_______UITests.m */ = {isa = PBXFileReference; lastKnownFileType = sourcecode.c.objc; path = "UILabel_______UITests.m"; sourceTree = "<group>"; };
		04A4647F1C9C603C00CA70DC /* Info.plist */ = {isa = PBXFileReference; lastKnownFileType = text.plist.xml; path = Info.plist; sourceTree = "<group>"; };
		04A4648B1C9C607900CA70DC /* MyLabel.h */ = {isa = PBXFileReference; fileEncoding = 4; lastKnownFileType = sourcecode.c.h; path = MyLabel.h; sourceTree = "<group>"; };
		04A4648C1C9C607900CA70DC /* MyLabel.m */ = {isa = PBXFileReference; fileEncoding = 4; lastKnownFileType = sourcecode.c.objc; path = MyLabel.m; sourceTree = "<group>"; };
/* End PBXFileReference section */

/* Begin PBXFrameworksBuildPhase section */
		04A464521C9C603C00CA70DC /* Frameworks */ = {
			isa = PBXFrameworksBuildPhase;
			buildActionMask = 2147483647;
			files = (
			);
			runOnlyForDeploymentPostprocessing = 0;
		};
		04A4646B1C9C603C00CA70DC /* Frameworks */ = {
			isa = PBXFrameworksBuildPhase;
			buildActionMask = 2147483647;
			files = (
			);
			runOnlyForDeploymentPostprocessing = 0;
		};
		04A464761C9C603C00CA70DC /* Frameworks */ = {
			isa = PBXFrameworksBuildPhase;
			buildActionMask = 2147483647;
			files = (
			);
			runOnlyForDeploymentPostprocessing = 0;
		};
/* End PBXFrameworksBuildPhase section */

/* Begin PBXGroup section */
		04A4644C1C9C603B00CA70DC = {
			isa = PBXGroup;
			children = (
				04A464571C9C603C00CA70DC /* UILabel展示不同颜色字 */,
				04A464711C9C603C00CA70DC /* UILabel展示不同颜色字Tests */,
				04A4647C1C9C603C00CA70DC /* UILabel展示不同颜色字UITests */,
				04A464561C9C603C00CA70DC /* Products */,
			);
			sourceTree = "<group>";
		};
		04A464561C9C603C00CA70DC /* Products */ = {
			isa = PBXGroup;
			children = (
				04A464551C9C603C00CA70DC /* UILabel展示不同颜色字.app */,
				04A4646E1C9C603C00CA70DC /* UILabel展示不同颜色字Tests.xctest */,
				04A464791C9C603C00CA70DC /* UILabel展示不同颜色字UITests.xctest */,
			);
			name = Products;
			sourceTree = "<group>";
		};
		04A464571C9C603C00CA70DC /* UILabel展示不同颜色字 */ = {
			isa = PBXGroup;
			children = (
				04A4645B1C9C603C00CA70DC /* AppDelegate.h */,
				04A4645C1C9C603C00CA70DC /* AppDelegate.m */,
				04A4645E1C9C603C00CA70DC /* ViewController.h */,
				04A4645F1C9C603C00CA70DC /* ViewController.m */,
				04A4648B1C9C607900CA70DC /* MyLabel.h */,
				04A4648C1C9C607900CA70DC /* MyLabel.m */,
				04A464611C9C603C00CA70DC /* Main.storyboard */,
				04A464641C9C603C00CA70DC /* Assets.xcassets */,
				04A464661C9C603C00CA70DC /* LaunchScreen.storyboard */,
				04A464691C9C603C00CA70DC /* Info.plist */,
				04A464581C9C603C00CA70DC /* Supporting Files */,
			);
			path = "UILabel展示不同颜色字";
			sourceTree = "<group>";
		};
		04A464581C9C603C00CA70DC /* Supporting Files */ = {
			isa = PBXGroup;
			children = (
				04A464591C9C603C00CA70DC /* main.m */,
			);
			name = "Supporting Files";
			sourceTree = "<group>";
		};
		04A464711C9C603C00CA70DC /* UILabel展示不同颜色字Tests */ = {
			isa = PBXGroup;
			children = (
				04A464721C9C603C00CA70DC /* UILabel_______Tests.m */,
				04A464741C9C603C00CA70DC /* Info.plist */,
			);
			path = "UILabel展示不同颜色字Tests";
			sourceTree = "<group>";
		};
		04A4647C1C9C603C00CA70DC /* UILabel展示不同颜色字UITests */ = {
			isa = PBXGroup;
			children = (
				04A4647D1C9C603C00CA70DC /* UILabel_______UITests.m */,
				04A4647F1C9C603C00CA70DC /* Info.plist */,
			);
			path = "UILabel展示不同颜色字UITests";
			sourceTree = "<group>";
		};
/* End PBXGroup section */

/* Begin PBXNativeTarget section */
		04A464541C9C603C00CA70DC /* UILabel展示不同颜色字 */ = {
			isa = PBXNativeTarget;
			buildConfigurationList = 04A464821C9C603C00CA70DC /* Build configuration list for PBXNativeTarget "UILabel展示不同颜色字" */;
			buildPhases = (
				04A464511C9C603C00CA70DC /* Sources */,
				04A464521C9C603C00CA70DC /* Frameworks */,
				04A464531C9C603C00CA70DC /* Resources */,
			);
			buildRules = (
			);
			dependencies = (
			);
			name = "UILabel展示不同颜色字";
			productName = "UILabel展示不同颜色字";
			productReference = 04A464551C9C603C00CA70DC /* UILabel展示不同颜色字.app */;
			productType = "com.apple.product-type.application";
		};
		04A4646D1C9C603C00CA70DC /* UILabel展示不同颜色字Tests */ = {
			isa = PBXNativeTarget;
			buildConfigurationList = 04A464851C9C603C00CA70DC /* Build configuration list for PBXNativeTarget "UILabel展示不同颜色字Tests" */;
			buildPhases = (
				04A4646A1C9C603C00CA70DC /* Sources */,
				04A4646B1C9C603C00CA70DC /* Frameworks */,
				04A4646C1C9C603C00CA70DC /* Resources */,
			);
			buildRules = (
			);
			dependencies = (
				04A464701C9C603C00CA70DC /* PBXTargetDependency */,
			);
			name = "UILabel展示不同颜色字Tests";
			productName = "UILabel展示不同颜色字Tests";
			productReference = 04A4646E1C9C603C00CA70DC /* UILabel展示不同颜色字Tests.xctest */;
			productType = "com.apple.product-type.bundle.unit-test";
		};
		04A464781C9C603C00CA70DC /* UILabel展示不同颜色字UITests */ = {
			isa = PBXNativeTarget;
			buildConfigurationList = 04A464881C9C603C00CA70DC /* Build configuration list for PBXNativeTarget "UILabel展示不同颜色字UITests" */;
			buildPhases = (
				04A464751C9C603C00CA70DC /* Sources */,
				04A464761C9C603C00CA70DC /* Frameworks */,
				04A464771C9C603C00CA70DC /* Resources */,
			);
			buildRules = (
			);
			dependencies = (
				04A4647B1C9C603C00CA70DC /* PBXTargetDependency */,
			);
			name = "UILabel展示不同颜色字UITests";
			productName = "UILabel展示不同颜色字UITests";
			productReference = 04A464791C9C603C00CA70DC /* UILabel展示不同颜色字UITests.xctest */;
			productType = "com.apple.product-type.bundle.ui-testing";
		};
/* End PBXNativeTarget section */

/* Begin PBXProject section */
		04A4644D1C9C603B00CA70DC /* Project object */ = {
			isa = PBXProject;
			attributes = {
				LastUpgradeCheck = 0710;
				ORGANIZATIONNAME = mac;
				TargetAttributes = {
					04A464541C9C603C00CA70DC = {
						CreatedOnToolsVersion = 7.1.1;
					};
					04A4646D1C9C603C00CA70DC = {
						CreatedOnToolsVersion = 7.1.1;
						TestTargetID = 04A464541C9C603C00CA70DC;
					};
					04A464781C9C603C00CA70DC = {
						CreatedOnToolsVersion = 7.1.1;
						TestTargetID = 04A464541C9C603C00CA70DC;
					};
				};
			};
			buildConfigurationList = 04A464501C9C603B00CA70DC /* Build configuration list for PBXProject "UILabel展示不同颜色字" */;
			compatibilityVersion = "Xcode 3.2";
			developmentRegion = English;
			hasScannedForEncodings = 0;
			knownRegions = (
				en,
				Base,
			);
			mainGroup = 04A4644C1C9C603B00CA70DC;
			productRefGroup = 04A464561C9C603C00CA70DC /* Products */;
			projectDirPath = "";
			projectRoot = "";
			targets = (
				04A464541C9C603C00CA70DC /* UILabel展示不同颜色字 */,
				04A4646D1C9C603C00CA70DC /* UILabel展示不同颜色字Tests */,
				04A464781C9C603C00CA70DC /* UILabel展示不同颜色字UITests */,
			);
		};
/* End PBXProject section */

/* Begin PBXResourcesBuildPhase section */
		04A464531C9C603C00CA70DC /* Resources */ = {
			isa = PBXResourcesBuildPhase;
			buildActionMask = 2147483647;
			files = (
				04A464681C9C603C00CA70DC /* LaunchScreen.storyboard in Resources */,
				04A464651C9C603C00CA70DC /* Assets.xcassets in Resources */,
				04A464631C9C603C00CA70DC /* Main.storyboard in Resources */,
			);
			runOnlyForDeploymentPostprocessing = 0;
		};
		04A4646C1C9C603C00CA70DC /* Resources */ = {
			isa = PBXResourcesBuildPhase;
			buildActionMask = 2147483647;
			files = (
			);
			runOnlyForDeploymentPostprocessing = 0;
		};
		04A464771C9C603C00CA70DC /* Resources */ = {
			isa = PBXResourcesBuildPhase;
			buildActionMask = 2147483647;
			files = (
			);
			runOnlyForDeploymentPostprocessing = 0;
		};
/* End PBXResourcesBuildPhase section */

/* Begin PBXSourcesBuildPhase section */
		04A464511C9C603C00CA70DC /* Sources */ = {
			isa = PBXSourcesBuildPhase;
			buildActionMask = 2147483647;
			files = (
				04A464601C9C603C00CA70DC /* ViewController.m in Sources */,
				04A4645D1C9C603C00CA70DC /* AppDelegate.m in Sources */,
				04A4648D1C9C607900CA70DC /* MyLabel.m in Sources */,
				04A4645A1C9C603C00CA70DC /* main.m in Sources */,
			);
			runOnlyForDeploymentPostprocessing = 0;
		};
		04A4646A1C9C603C00CA70DC /* Sources */ = {
			isa = PBXSourcesBuildPhase;
			buildActionMask = 2147483647;
			files = (
				04A464731C9C603C00CA70DC /* UILabel_______Tests.m in Sources */,
			);
			runOnlyForDeploymentPostprocessing = 0;
		};
		04A464751C9C603C00CA70DC /* Sources */ = {
			isa = PBXSourcesBuildPhase;
			buildActionMask = 2147483647;
			files = (
				04A4647E1C9C603C00CA70DC /* UILabel_______UITests.m in Sources */,
			);
			runOnlyForDeploymentPostprocessing = 0;
		};
/* End PBXSourcesBuildPhase section */

/* Begin PBXTargetDependency section */
		04A464701C9C603C00CA70DC /* PBXTargetDependency */ = {
			isa = PBXTargetDependency;
			target = 04A464541C9C603C00CA70DC /* UILabel展示不同颜色字 */;
			targetProxy = 04A4646F1C9C603C00CA70DC /* PBXContainerItemProxy */;
		};
		04A4647B1C9C603C00CA70DC /* PBXTargetDependency */ = {
			isa = PBXTargetDependency;
			target = 04A464541C9C603C00CA70DC /* UILabel展示不同颜色字 */;
			targetProxy = 04A4647A1C9C603C00CA70DC /* PBXContainerItemProxy */;
		};
/* End PBXTargetDependency section */

/* Begin PBXVariantGroup section */
		04A464611C9C603C00CA70DC /* Main.storyboard */ = {
			isa = PBXVariantGroup;
			children = (
				04A464621C9C603C00CA70DC /* Base */,
			);
			name = Main.storyboard;
			sourceTree = "<group>";
		};
		04A464661C9C603C00CA70DC /* LaunchScreen.storyboard */ = {
			isa = PBXVariantGroup;
			children = (
				04A464671C9C603C00CA70DC /* Base */,
			);
			name = LaunchScreen.storyboard;
			sourceTree = "<group>";
		};
/* End PBXVariantGroup section */

/* Begin XCBuildConfiguration section */
		04A464801C9C603C00CA70DC /* Debug */ = {
			isa = XCBuildConfiguration;
			buildSettings = {
				ALWAYS_SEARCH_USER_PATHS = NO;
				CLANG_CXX_LANGUAGE_STANDARD = "gnu++0x";
				CLANG_CXX_LIBRARY = "libc++";
				CLANG_ENABLE_MODULES = YES;
				CLANG_ENABLE_OBJC_ARC = YES;
				CLANG_WARN_BOOL_CONVERSION = YES;
				CLANG_WARN_CONSTANT_CONVERSION = YES;
				CLANG_WARN_DIRECT_OBJC_ISA_USAGE = YES_ERROR;
				CLANG_WARN_EMPTY_BODY = YES;
				CLANG_WARN_ENUM_CONVERSION = YES;
				CLANG_WARN_INT_CONVERSION = YES;
				CLANG_WARN_OBJC_ROOT_CLASS = YES_ERROR;
				CLANG_WARN_UNREACHABLE_CODE = YES;
				CLANG_WARN__DUPLICATE_METHOD_MATCH = YES;
				"CODE_SIGN_IDENTITY[sdk=iphoneos*]" = "iPhone Developer";
				COPY_PHASE_STRIP = NO;
				DEBUG_INFORMATION_FORMAT = dwarf;
				ENABLE_STRICT_OBJC_MSGSEND = YES;
				ENABLE_TESTABILITY = YES;
				GCC_C_LANGUAGE_STANDARD = gnu99;
				GCC_DYNAMIC_NO_PIC = NO;
				GCC_NO_COMMON_BLOCKS = YES;
				GCC_OPTIMIZATION_LEVEL = 0;
				GCC_PREPROCESSOR_DEFINITIONS = (
					"DEBUG=1",
					"$(inherited)",
				);
				GCC_WARN_64_TO_32_BIT_CONVERSION = YES;
				GCC_WARN_ABOUT_RETURN_TYPE = YES_ERROR;
				GCC_WARN_UNDECLARED_SELECTOR = YES;
				GCC_WARN_UNINITIALIZED_AUTOS = YES_AGGRESSIVE;
				GCC_WARN_UNUSED_FUNCTION = YES;
				GCC_WARN_UNUSED_VARIABLE = YES;
				IPHONEOS_DEPLOYMENT_TARGET = 9.1;
				MTL_ENABLE_DEBUG_INFO = YES;
				ONLY_ACTIVE_ARCH = YES;
				SDKROOT = iphoneos;
				TARGETED_DEVICE_FAMILY = "1,2";
			};
			name = Debug;
		};
		04A464811C9C603C00CA70DC /* Release */ = {
			isa = XCBuildConfiguration;
			buildSettings = {
				ALWAYS_SEARCH_USER_PATHS = NO;
				CLANG_CXX_LANGUAGE_STANDARD = "gnu++0x";
				CLANG_CXX_LIBRARY = "libc++";
				CLANG_ENABLE_MODULES = YES;
				CLANG_ENABLE_OBJC_ARC = YES;
				CLANG_WARN_BOOL_CONVERSION = YES;
				CLANG_WARN_CONSTANT_CONVERSION = YES;
				CLANG_WARN_DIRECT_OBJC_ISA_USAGE = YES_ERROR;
				CLANG_WARN_EMPTY_BODY = YES;
				CLANG_WARN_ENUM_CONVERSION = YES;
				CLANG_WARN_INT_CONVERSION = YES;
				CLANG_WARN_OBJC_ROOT_CLASS = YES_ERROR;
				CLANG_WARN_UNREACHABLE_CODE = YES;
				CLANG_WARN__DUPLICATE_METHOD_MATCH = YES;
				"CODE_SIGN_IDENTITY[sdk=iphoneos*]" = "iPhone Developer";
				COPY_PHASE_STRIP = NO;
				DEBUG_INFORMATION_FORMAT = "dwarf-with-dsym";
				ENABLE_NS_ASSERTIONS = NO;
				ENABLE_STRICT_OBJC_MSGSEND = YES;
				GCC_C_LANGUAGE_STANDARD = gnu99;
				GCC_NO_COMMON_BLOCKS = YES;
				GCC_WARN_64_TO_32_BIT_CONVERSION = YES;
				GCC_WARN_ABOUT_RETURN_TYPE = YES_ERROR;
				GCC_WARN_UNDECLARED_SELECTOR = YES;
				GCC_WARN_UNINITIALIZED_AUTOS = YES_AGGRESSIVE;
				GCC_WARN_UNUSED_FUNCTION = YES;
				GCC_WARN_UNUSED_VARIABLE = YES;
				IPHONEOS_DEPLOYMENT_TARGET = 9.1;
				MTL_ENABLE_DEBUG_INFO = NO;
				SDKROOT = iphoneos;
				TARGETED_DEVICE_FAMILY = "1,2";
				VALIDATE_PRODUCT = YES;
			};
			name = Release;
		};
		04A464831C9C603C00CA70DC /* Debug */ = {
			isa = XCBuildConfiguration;
			buildSettings = {
				ASSETCATALOG_COMPILER_APPICON_NAME = AppIcon;
				INFOPLIST_FILE = "UILabel展示不同颜色字/Info.plist";
				LD_RUNPATH_SEARCH_PATHS = "$(inherited) @executable_path/Frameworks";
				PRODUCT_BUNDLE_IDENTIFIER = "panerly.UILabel-------";
				PRODUCT_NAME = "$(TARGET_NAME)";
			};
			name = Debug;
		};
		04A464841C9C603C00CA70DC /* Release */ = {
			isa = XCBuildConfiguration;
			buildSettings = {
				ASSETCATALOG_COMPILER_APPICON_NAME = AppIcon;
				INFOPLIST_FILE = "UILabel展示不同颜色字/Info.plist";
				LD_RUNPATH_SEARCH_PATHS = "$(inherited) @executable_path/Frameworks";
				PRODUCT_BUNDLE_IDENTIFIER = "panerly.UILabel-------";
				PRODUCT_NAME = "$(TARGET_NAME)";
			};
			name = Release;
		};
		04A464861C9C603C00CA70DC /* Debug */ = {
			isa = XCBuildConfiguration;
			buildSettings = {
				BUNDLE_LOADER = "$(TEST_HOST)";
				INFOPLIST_FILE = "UILabel展示不同颜色字Tests/Info.plist";
				LD_RUNPATH_SEARCH_PATHS = "$(inherited) @executable_path/Frameworks @loader_path/Frameworks";
				PRODUCT_BUNDLE_IDENTIFIER = "panerly.UILabel-------Tests";
				PRODUCT_NAME = "$(TARGET_NAME)";
				TEST_HOST = "$(BUILT_PRODUCTS_DIR)/UILabel展示不同颜色字.app/UILabel展示不同颜色字";
			};
			name = Debug;
		};
		04A464871C9C603C00CA70DC /* Release */ = {
			isa = XCBuildConfiguration;
			buildSettings = {
				BUNDLE_LOADER = "$(TEST_HOST)";
				INFOPLIST_FILE = "UILabel展示不同颜色字Tests/Info.plist";
				LD_RUNPATH_SEARCH_PATHS = "$(inherited) @executable_path/Frameworks @loader_path/Frameworks";
				PRODUCT_BUNDLE_IDENTIFIER = "panerly.UILabel-------Tests";
				PRODUCT_NAME = "$(TARGET_NAME)";
				TEST_HOST = "$(BUILT_PRODUCTS_DIR)/UILabel展示不同颜色字.app/UILabel展示不同颜色字";
			};
			name = Release;
		};
		04A464891C9C603C00CA70DC /* Debug */ = {
			isa = XCBuildConfiguration;
			buildSettings = {
				INFOPLIST_FILE = "UILabel展示不同颜色字UITests/Info.plist";
				LD_RUNPATH_SEARCH_PATHS = "$(inherited) @executable_path/Frameworks @loader_path/Frameworks";
				PRODUCT_BUNDLE_IDENTIFIER = "panerly.UILabel-------UITests";
				PRODUCT_NAME = "$(TARGET_NAME)";
				TEST_TARGET_NAME = "UILabel展示不同颜色字";
				USES_XCTRUNNER = YES;
			};
			name = Debug;
		};
		04A4648A1C9C603C00CA70DC /* Release */ = {
			isa = XCBuildConfiguration;
			buildSettings = {
				INFOPLIST_FILE = "UILabel展示不同颜色字UITests/Info.plist";
				LD_RUNPATH_SEARCH_PATHS = "$(inherited) @executable_path/Frameworks @loader_path/Frameworks";
				PRODUCT_BUNDLE_IDENTIFIER = "panerly.UILabel-------UITests";
				PRODUCT_NAME = "$(TARGET_NAME)";
				TEST_TARGET_NAME = "UILabel展示不同颜色字";
				USES_XCTRUNNER = YES;
			};
			name = Release;
		};
/* End XCBuildConfiguration section */

/* Begin XCConfigurationList section */
		04A464501C9C603B00CA70DC /* Build configuration list for PBXProject "UILabel展示不同颜色字" */ = {
			isa = XCConfigurationList;
			buildConfigurations = (
				04A464801C9C603C00CA70DC /* Debug */,
				04A464811C9C603C00CA70DC /* Release */,
			);
			defaultConfigurationIsVisible = 0;
			defaultConfigurationName = Release;
		};
		04A464821C9C603C00CA70DC /* Build configuration list for PBXNativeTarget "UILabel展示不同颜色字" */ = {
			isa = XCConfigurationList;
			buildConfigurations = (
				04A464831C9C603C00CA70DC /* Debug */,
				04A464841C9C603C00CA70DC /* Release */,
			);
			defaultConfigurationIsVisible = 0;
		};
		04A464851C9C603C00CA70DC /* Build configuration list for PBXNativeTarget "UILabel展示不同颜色字Tests" */ = {
			isa = XCConfigurationList;
			buildConfigurations = (
				04A464861C9C603C00CA70DC /* Debug */,
				04A464871C9C603C00CA70DC /* Release */,
			);
			defaultConfigurationIsVisible = 0;
		};
		04A464881C9C603C00CA70DC /* Build configuration list for PBXNativeTarget "UILabel展示不同颜色字UITests" */ = {
			isa = XCConfigurationList;
			buildConfigurations = (
				04A464891C9C603C00CA70DC /* Debug */,
				04A4648A1C9C603C00CA70DC /* Release */,
			);
			defaultConfigurationIsVisible = 0;
		};
/* End XCConfigurationList section */
	};
	rootObject = 04A4644D1C9C603B00CA70DC /* Project object */;
}
